
Microsoft Visual Studio Solution File, Format Version 12.00
# Visual Studio Version 17
VisualStudioVersion = 17.0.32014.148
MinimumVisualStudioVersion = 10.0.40219.1
Project("{FAE04EC0-301F-11D3-BF4B-00C04F79EFBC}") = "API_MySIRH", "API_MySIRH.csproj", "{46902777-4FDD-400E-B7D5-044C16813A29}"
EndProject
Global
	GlobalSection(SolutionConfigurationPlatforms) = preSolution
		Debug|Any CPU = Debug|Any CPU
		Release|Any CPU = Release|Any CPU
	EndGlobalSection
	GlobalSection(ProjectConfigurationPlatforms) = postSolution
		{46902777-4FDD-400E-B7D5-044C16813A29}.Debug|Any CPU.ActiveCfg = Debug|Any CPU
		{46902777-4FDD-400E-B7D5-044C16813A29}.Debug|Any CPU.Build.0 = Debug|Any CPU
		{46902777-4FDD-400E-B7D5-044C16813A29}.Release|Any CPU.ActiveCfg = Release|Any CPU
		{46902777-4FDD-400E-B7D5-044C16813A29}.Release|Any CPU.Build.0 = Release|Any CPU
	EndGlobalSection
	GlobalSection(SolutionProperties) = preSolution
		HideSolutionNode = FALSE
	EndGlobalSection
	GlobalSection(ExtensibilityGlobals) = postSolution
		SolutionGuid = {F3443F4E-689A-43E3-8576-40B19B7A5E80}
	EndGlobalSection
EndGlobal
